
Microsoft Visual Studio Solution File, Format Version 12.00
# Visual Studio 15
VisualStudioVersion = 15.0.27428.2015
MinimumVisualStudioVersion = 10.0.40219.1
Project("{FAE04EC0-301F-11D3-BF4B-00C04F79EFBC}") = "liknayansimulator", "liknayansimulator\liknayansimulator.csproj", "{D4B8FA61-FD3F-448D-AD46-6C496B4E81E8}"
EndProject
Global
	GlobalSection(SolutionConfigurationPlatforms) = preSolution
		Debug|Any CPU = Debug|Any CPU
		Release|Any CPU = Release|Any CPU
	EndGlobalSection
	GlobalSection(ProjectConfigurationPlatforms) = postSolution
		{D4B8FA61-FD3F-448D-AD46-6C496B4E81E8}.Debug|Any CPU.ActiveCfg = Debug|Any CPU
		{D4B8FA61-FD3F-448D-AD46-6C496B4E81E8}.Debug|Any CPU.Build.0 = Debug|Any CPU
		{D4B8FA61-FD3F-448D-AD46-6C496B4E81E8}.Release|Any CPU.ActiveCfg = Release|Any CPU
		{D4B8FA61-FD3F-448D-AD46-6C496B4E81E8}.Release|Any CPU.Build.0 = Release|Any CPU
	EndGlobalSection
	GlobalSection(SolutionProperties) = preSolution
		HideSolutionNode = FALSE
	EndGlobalSection
	GlobalSection(ExtensibilityGlobals) = postSolution
		SolutionGuid = {E53B95C2-66D1-44A5-B767-9334B434C336}
	EndGlobalSection
EndGlobal
